
Microsoft Visual Studio Solution File, Format Version 12.00
# Visual Studio 15
VisualStudioVersion = 15.0.27703.2035
MinimumVisualStudioVersion = 10.0.40219.1
Project("{9A19103F-16F7-4668-BE54-9A1E7A4F7556}") = "XGame.Domain", "XGame\XGame.Domain.csproj", "{18772680-4E97-4765-9373-8088AC639496}"
EndProject
Project("{FAE04EC0-301F-11D3-BF4B-00C04F79EFBC}") = "Console", "Console\Console.csproj", "{B332FBFC-B77F-48FC-ADC4-BA746BCE6176}"
EndProject
Project("{FAE04EC0-301F-11D3-BF4B-00C04F79EFBC}") = "XGame.Infra", "XGame.Infra\XGame.Infra.csproj", "{B9F72F91-64A0-4C85-AF38-5769C0C0C938}"
EndProject
Global
	GlobalSection(SolutionConfigurationPlatforms) = preSolution
		Debug|Any CPU = Debug|Any CPU
		Release|Any CPU = Release|Any CPU
	EndGlobalSection
	GlobalSection(ProjectConfigurationPlatforms) = postSolution
		{18772680-4E97-4765-9373-8088AC639496}.Debug|Any CPU.ActiveCfg = Debug|Any CPU
		{18772680-4E97-4765-9373-8088AC639496}.Debug|Any CPU.Build.0 = Debug|Any CPU
		{18772680-4E97-4765-9373-8088AC639496}.Release|Any CPU.ActiveCfg = Release|Any CPU
		{18772680-4E97-4765-9373-8088AC639496}.Release|Any CPU.Build.0 = Release|Any CPU
		{B332FBFC-B77F-48FC-ADC4-BA746BCE6176}.Debug|Any CPU.ActiveCfg = Debug|Any CPU
		{B332FBFC-B77F-48FC-ADC4-BA746BCE6176}.Debug|Any CPU.Build.0 = Debug|Any CPU
		{B332FBFC-B77F-48FC-ADC4-BA746BCE6176}.Release|Any CPU.ActiveCfg = Release|Any CPU
		{B332FBFC-B77F-48FC-ADC4-BA746BCE6176}.Release|Any CPU.Build.0 = Release|Any CPU
		{B9F72F91-64A0-4C85-AF38-5769C0C0C938}.Debug|Any CPU.ActiveCfg = Debug|Any CPU
		{B9F72F91-64A0-4C85-AF38-5769C0C0C938}.Debug|Any CPU.Build.0 = Debug|Any CPU
		{B9F72F91-64A0-4C85-AF38-5769C0C0C938}.Release|Any CPU.ActiveCfg = Release|Any CPU
		{B9F72F91-64A0-4C85-AF38-5769C0C0C938}.Release|Any CPU.Build.0 = Release|Any CPU
	EndGlobalSection
	GlobalSection(SolutionProperties) = preSolution
		HideSolutionNode = FALSE
	EndGlobalSection
	GlobalSection(ExtensibilityGlobals) = postSolution
		SolutionGuid = {6746EA1F-0DA4-4EE6-80DE-53B0B25ACFB0}
	EndGlobalSection
EndGlobal
